
Microsoft Visual Studio Solution File, Format Version 12.00
# Visual Studio Version 17
VisualStudioVersion = 17.5.33530.505
MinimumVisualStudioVersion = 10.0.40219.1
Project("{FAE04EC0-301F-11D3-BF4B-00C04F79EFBC}") = "TestTaskDigitalDesign", "TestTaskDigitalDesign.csproj", "{B464AC04-F936-4D58-A87A-A41A8B670844}"
EndProject
Project("{FAE04EC0-301F-11D3-BF4B-00C04F79EFBC}") = "TestTaskDataBase", "D:\Никита\fakk\TestTaskDataBase\TestTaskDataBase.csproj", "{D1A7EF14-4078-44DF-B5C7-A3C95781F437}"
EndProject
Global
	GlobalSection(SolutionConfigurationPlatforms) = preSolution
		Debug|Any CPU = Debug|Any CPU
		Release|Any CPU = Release|Any CPU
	EndGlobalSection
	GlobalSection(ProjectConfigurationPlatforms) = postSolution
		{B464AC04-F936-4D58-A87A-A41A8B670844}.Debug|Any CPU.ActiveCfg = Debug|Any CPU
		{B464AC04-F936-4D58-A87A-A41A8B670844}.Debug|Any CPU.Build.0 = Debug|Any CPU
		{B464AC04-F936-4D58-A87A-A41A8B670844}.Release|Any CPU.ActiveCfg = Release|Any CPU
		{B464AC04-F936-4D58-A87A-A41A8B670844}.Release|Any CPU.Build.0 = Release|Any CPU
		{D1A7EF14-4078-44DF-B5C7-A3C95781F437}.Debug|Any CPU.ActiveCfg = Debug|Any CPU
		{D1A7EF14-4078-44DF-B5C7-A3C95781F437}.Debug|Any CPU.Build.0 = Debug|Any CPU
		{D1A7EF14-4078-44DF-B5C7-A3C95781F437}.Release|Any CPU.ActiveCfg = Release|Any CPU
		{D1A7EF14-4078-44DF-B5C7-A3C95781F437}.Release|Any CPU.Build.0 = Release|Any CPU
	EndGlobalSection
	GlobalSection(SolutionProperties) = preSolution
		HideSolutionNode = FALSE
	EndGlobalSection
	GlobalSection(ExtensibilityGlobals) = postSolution
		SolutionGuid = {654D9E06-A172-4A76-A444-582484252B31}
	EndGlobalSection
EndGlobal
